
Microsoft Visual Studio Solution File, Format Version 12.00
# Visual Studio Express 2012 for Windows Desktop
Project("{FAE04EC0-301F-11D3-BF4B-00C04F79EFBC}") = "src", "src\src.csproj", "{DD0012A4-9E6F-4FF8-949C-C4A12765D392}"
EndProject
Project("{FAE04EC0-301F-11D3-BF4B-00C04F79EFBC}") = "test", "test\test.csproj", "{87A7B204-9FF3-453A-A40A-E45F036732F5}"
EndProject
Global
	GlobalSection(SolutionConfigurationPlatforms) = preSolution
		Debug|Any CPU = Debug|Any CPU
		Release|Any CPU = Release|Any CPU
	EndGlobalSection
	GlobalSection(ProjectConfigurationPlatforms) = postSolution
		{DD0012A4-9E6F-4FF8-949C-C4A12765D392}.Debug|Any CPU.ActiveCfg = Debug|Any CPU
		{DD0012A4-9E6F-4FF8-949C-C4A12765D392}.Debug|Any CPU.Build.0 = Debug|Any CPU
		{DD0012A4-9E6F-4FF8-949C-C4A12765D392}.Release|Any CPU.ActiveCfg = Release|Any CPU
		{DD0012A4-9E6F-4FF8-949C-C4A12765D392}.Release|Any CPU.Build.0 = Release|Any CPU
		{87A7B204-9FF3-453A-A40A-E45F036732F5}.Debug|Any CPU.ActiveCfg = Debug|Any CPU
		{87A7B204-9FF3-453A-A40A-E45F036732F5}.Debug|Any CPU.Build.0 = Debug|Any CPU
		{87A7B204-9FF3-453A-A40A-E45F036732F5}.Release|Any CPU.ActiveCfg = Release|Any CPU
		{87A7B204-9FF3-453A-A40A-E45F036732F5}.Release|Any CPU.Build.0 = Release|Any CPU
	EndGlobalSection
	GlobalSection(SolutionProperties) = preSolution
		HideSolutionNode = FALSE
	EndGlobalSection
	GlobalSection(ExtensibilityGlobals) = postSolution
		SolutionGuid = {C25DE696-20D1-4433-B0E1-D483E87346BD}
	EndGlobalSection
EndGlobal
